
Microsoft Visual Studio Solution File, Format Version 12.00
# Visual Studio Version 17
VisualStudioVersion = 17.1.32319.34
MinimumVisualStudioVersion = 10.0.40219.1
Project("{FAE04EC0-301F-11D3-BF4B-00C04F79EFBC}") = "Kyaliko RPC", "Kyaliko RPC\Kyaliko RPC.csproj", "{3C8F06DD-CB27-4703-88E8-5A73E96FE317}"
EndProject
Global
	GlobalSection(SolutionConfigurationPlatforms) = preSolution
		Debug|Any CPU = Debug|Any CPU
		Release|Any CPU = Release|Any CPU
	EndGlobalSection
	GlobalSection(ProjectConfigurationPlatforms) = postSolution
		{3C8F06DD-CB27-4703-88E8-5A73E96FE317}.Debug|Any CPU.ActiveCfg = Debug|Any CPU
		{3C8F06DD-CB27-4703-88E8-5A73E96FE317}.Debug|Any CPU.Build.0 = Debug|Any CPU
		{3C8F06DD-CB27-4703-88E8-5A73E96FE317}.Release|Any CPU.ActiveCfg = Release|Any CPU
		{3C8F06DD-CB27-4703-88E8-5A73E96FE317}.Release|Any CPU.Build.0 = Release|Any CPU
	EndGlobalSection
	GlobalSection(SolutionProperties) = preSolution
		HideSolutionNode = FALSE
	EndGlobalSection
	GlobalSection(ExtensibilityGlobals) = postSolution
		SolutionGuid = {8405AC03-8F43-4364-818E-AC2AAC18132F}
	EndGlobalSection
EndGlobal
